
Microsoft Visual Studio Solution File, Format Version 12.00
# Visual Studio Version 16
VisualStudioVersion = 16.0.29403.142
MinimumVisualStudioVersion = 10.0.40219.1
Project("{FAE04EC0-301F-11D3-BF4B-00C04F79EFBC}") = "ConsoleApp7", "ConsoleApp7\ConsoleApp7.csproj", "{A23EB47B-8DFF-4EF4-B8AA-56132A07F006}"
EndProject
Global
	GlobalSection(SolutionConfigurationPlatforms) = preSolution
		Debug|Any CPU = Debug|Any CPU
		Release|Any CPU = Release|Any CPU
	EndGlobalSection
	GlobalSection(ProjectConfigurationPlatforms) = postSolution
		{A23EB47B-8DFF-4EF4-B8AA-56132A07F006}.Debug|Any CPU.ActiveCfg = Debug|Any CPU
		{A23EB47B-8DFF-4EF4-B8AA-56132A07F006}.Debug|Any CPU.Build.0 = Debug|Any CPU
		{A23EB47B-8DFF-4EF4-B8AA-56132A07F006}.Release|Any CPU.ActiveCfg = Release|Any CPU
		{A23EB47B-8DFF-4EF4-B8AA-56132A07F006}.Release|Any CPU.Build.0 = Release|Any CPU
	EndGlobalSection
	GlobalSection(SolutionProperties) = preSolution
		HideSolutionNode = FALSE
	EndGlobalSection
	GlobalSection(ExtensibilityGlobals) = postSolution
		SolutionGuid = {CF3C0B0B-B667-4286-A8EF-8B4748EA1F75}
	EndGlobalSection
EndGlobal
